{
  "lockfileVersion": 1,
  "workspaces": {
    "": {
      "name": "teseo-data",
      "dependencies": {
        "@faker-js/faker": "^10.1.0",
        "@langfuse/client": "^4.4.2",
        "openai": "^6.9.1",
        "zod": "^4.1.13",
      },
      "devDependencies": {
        "@types/bun": "latest",
      },
      "peerDependencies": {
        "typescript": "^5",
      },
    },
  },
  "packages": {
    "@faker-js/faker": ["@faker-js/faker@10.1.0", "", {}, "sha512-C3mrr3b5dRVlKPJdfrAXS8+dq+rq8Qm5SNRazca0JKgw1HQERFmrVb0towvMmw5uu8hHKNiQasMaR/tydf3Zsg=="],

    "@langfuse/client": ["@langfuse/client@4.4.2", "", { "dependencies": { "@langfuse/core": "^4.4.2", "@langfuse/tracing": "^4.4.2", "mustache": "^4.2.0" }, "peerDependencies": { "@opentelemetry/api": "^1.9.0" } }, "sha512-T0AvkCDkze3mhFbix6sC6y1FzQTBxKI3vCa8q8kErcwH8nIpr0Efo6XbT/qQEpiKBCPE2ys6aFhqfbjJ64XAmw=="],

    "@langfuse/core": ["@langfuse/core@4.4.2", "", { "peerDependencies": { "@opentelemetry/api": "^1.9.0" } }, "sha512-LfWyyLXTdnAikkXobWJ9ZMoF0RMC/WJqkk5mvyS7WI0SNwigueLulHzX1ixr8Q/vnaabFO+XREy2ftSiwnQxng=="],

    "@langfuse/tracing": ["@langfuse/tracing@4.4.2", "", { "dependencies": { "@langfuse/core": "^4.4.2" }, "peerDependencies": { "@opentelemetry/api": "^1.9.0" } }, "sha512-+99jL4BLus0yKk8UvPyJbTfVs9A6edDeSe/WMyjk5jwl2qrrSCWDorKn+90XUvJVLdlbgdFKq4CqQ6YPLIcwYQ=="],

    "@opentelemetry/api": ["@opentelemetry/api@1.9.0", "", {}, "sha512-3giAOQvZiH5F9bMlMiv8+GSPMeqg0dbaeo58/0SlA9sxSqZhnUtxzX9/2FzyhS9sWQf5S0GJE0AKBrFqjpeYcg=="],

    "@types/bun": ["@types/bun@1.3.3", "", { "dependencies": { "bun-types": "1.3.3" } }, "sha512-ogrKbJ2X5N0kWLLFKeytG0eHDleBYtngtlbu9cyBKFtNL3cnpDZkNdQj8flVf6WTZUX5ulI9AY1oa7ljhSrp+g=="],

    "@types/node": ["@types/node@24.10.1", "", { "dependencies": { "undici-types": "~7.16.0" } }, "sha512-GNWcUTRBgIRJD5zj+Tq0fKOJ5XZajIiBroOF0yvj2bSU1WvNdYS/dn9UxwsujGW4JX06dnHyjV2y9rRaybH0iQ=="],

    "bun-types": ["bun-types@1.3.3", "", { "dependencies": { "@types/node": "*" } }, "sha512-z3Xwlg7j2l9JY27x5Qn3Wlyos8YAp0kKRlrePAOjgjMGS5IG6E7Jnlx736vH9UVI4wUICwwhC9anYL++XeOgTQ=="],

    "mustache": ["mustache@4.2.0", "", { "bin": { "mustache": "bin/mustache" } }, "sha512-71ippSywq5Yb7/tVYyGbkBggbU8H3u5Rz56fH60jGFgr8uHwxs+aSKeqmluIVzM0m0kB7xQjKS6qPfd0b2ZoqQ=="],

    "openai": ["openai@6.9.1", "", { "peerDependencies": { "ws": "^8.18.0", "zod": "^3.25 || ^4.0" }, "optionalPeers": ["ws", "zod"], "bin": { "openai": "bin/cli" } }, "sha512-vQ5Rlt0ZgB3/BNmTa7bIijYFhz3YBceAA3Z4JuoMSBftBF9YqFHIEhZakSs+O/Ad7EaoEimZvHxD5ylRjN11Lg=="],

    "typescript": ["typescript@5.9.3", "", { "bin": { "tsc": "bin/tsc", "tsserver": "bin/tsserver" } }, "sha512-jl1vZzPDinLr9eUt3J/t7V6FgNEw9QjvBPdysz9KfQDD41fQrC2Y4vKQdiaUpFT4bXlb1RHhLpp8wtm6M5TgSw=="],

    "undici-types": ["undici-types@7.16.0", "", {}, "sha512-Zz+aZWSj8LE6zoxD+xrjh4VfkIG8Ya6LvYkZqtUQGJPZjYl53ypCaUwWqo7eI0x66KBGeRo+mlBEkMSeSZ38Nw=="],

    "zod": ["zod@4.1.13", "", {}, "sha512-AvvthqfqrAhNH9dnfmrfKzX5upOdjUVJYFqNSlkmGf64gRaTzlPwz99IHYnVs28qYAybvAlBV+H7pn0saFY4Ig=="],
  }
}
